{
  "pins" : [
    {
      "identity" : "turbo-ios",
      "kind" : "remoteSourceControl",
      "location" : "https://github.com/hotwired/turbo-ios",
      "state" : {
        "revision" : "fadb1f3888427a839f1e102ec5f38125f96172ba",
        "version" : "7.0.0-rc.6"
      }
    }
  ],
  "version" : 2
}
